
Microsoft Visual Studio Solution File, Format Version 12.00
# Visual Studio Version 16
VisualStudioVersion = 16.0.31205.134
MinimumVisualStudioVersion = 10.0.40219.1
Project("{FAE04EC0-301F-11D3-BF4B-00C04F79EFBC}") = "Task1", "Task1\Task1.csproj", "{29464D59-C7B2-4C71-ADBA-4F8D13BC56FF}"
EndProject
Global
	GlobalSection(SolutionConfigurationPlatforms) = preSolution
		Debug|Any CPU = Debug|Any CPU
		Release|Any CPU = Release|Any CPU
	EndGlobalSection
	GlobalSection(ProjectConfigurationPlatforms) = postSolution
		{29464D59-C7B2-4C71-ADBA-4F8D13BC56FF}.Debug|Any CPU.ActiveCfg = Debug|Any CPU
		{29464D59-C7B2-4C71-ADBA-4F8D13BC56FF}.Debug|Any CPU.Build.0 = Debug|Any CPU
		{29464D59-C7B2-4C71-ADBA-4F8D13BC56FF}.Release|Any CPU.ActiveCfg = Release|Any CPU
		{29464D59-C7B2-4C71-ADBA-4F8D13BC56FF}.Release|Any CPU.Build.0 = Release|Any CPU
	EndGlobalSection
	GlobalSection(SolutionProperties) = preSolution
		HideSolutionNode = FALSE
	EndGlobalSection
	GlobalSection(ExtensibilityGlobals) = postSolution
		SolutionGuid = {8565E82F-0DA1-4241-982A-119DBE95E4C6}
	EndGlobalSection
EndGlobal
