
Microsoft Visual Studio Solution File, Format Version 12.00
# Visual Studio Version 16
VisualStudioVersion = 16.0.31205.134
MinimumVisualStudioVersion = 10.0.40219.1
Project("{FAE04EC0-301F-11D3-BF4B-00C04F79EFBC}") = "Transports", "Transports\Transports.csproj", "{FABF8A2D-5C68-4887-AAB9-903FE03287CD}"
EndProject
Global
	GlobalSection(SolutionConfigurationPlatforms) = preSolution
		Debug|Any CPU = Debug|Any CPU
		Release|Any CPU = Release|Any CPU
	EndGlobalSection
	GlobalSection(ProjectConfigurationPlatforms) = postSolution
		{FABF8A2D-5C68-4887-AAB9-903FE03287CD}.Debug|Any CPU.ActiveCfg = Debug|Any CPU
		{FABF8A2D-5C68-4887-AAB9-903FE03287CD}.Debug|Any CPU.Build.0 = Debug|Any CPU
		{FABF8A2D-5C68-4887-AAB9-903FE03287CD}.Release|Any CPU.ActiveCfg = Release|Any CPU
		{FABF8A2D-5C68-4887-AAB9-903FE03287CD}.Release|Any CPU.Build.0 = Release|Any CPU
	EndGlobalSection
	GlobalSection(SolutionProperties) = preSolution
		HideSolutionNode = FALSE
	EndGlobalSection
	GlobalSection(ExtensibilityGlobals) = postSolution
		SolutionGuid = {61848455-0A49-45F2-842B-00B73A50E065}
	EndGlobalSection
EndGlobal
